
Microsoft Visual Studio Solution File, Format Version 12.00
# Visual Studio Version 17
VisualStudioVersion = 17.6.33829.357
MinimumVisualStudioVersion = 10.0.40219.1
Project("{FAE04EC0-301F-11D3-BF4B-00C04F79EFBC}") = "AdminBMS", "AdminBMS\AdminBMS.csproj", "{0A2F33FA-C030-4C6D-9998-EFC6BFBB15AD}"
EndProject
Global
	GlobalSection(SolutionConfigurationPlatforms) = preSolution
		Debug|Any CPU = Debug|Any CPU
		Release|Any CPU = Release|Any CPU
	EndGlobalSection
	GlobalSection(ProjectConfigurationPlatforms) = postSolution
		{0A2F33FA-C030-4C6D-9998-EFC6BFBB15AD}.Debug|Any CPU.ActiveCfg = Debug|Any CPU
		{0A2F33FA-C030-4C6D-9998-EFC6BFBB15AD}.Debug|Any CPU.Build.0 = Debug|Any CPU
		{0A2F33FA-C030-4C6D-9998-EFC6BFBB15AD}.Release|Any CPU.ActiveCfg = Release|Any CPU
		{0A2F33FA-C030-4C6D-9998-EFC6BFBB15AD}.Release|Any CPU.Build.0 = Release|Any CPU
	EndGlobalSection
	GlobalSection(SolutionProperties) = preSolution
		HideSolutionNode = FALSE
	EndGlobalSection
	GlobalSection(ExtensibilityGlobals) = postSolution
		SolutionGuid = {07F067C6-0361-45DD-AB7C-E97243E94E83}
	EndGlobalSection
EndGlobal
